// !$*UTF8*$!
{
	archiveVersion = 1;
	classes = {
	};
	objectVersion = 63;
	objects = {

/* Begin PBXBuildFile section */
		150AEC4C1B3F999A00163767 /* CiDoctorViewController.m in Sources */ = {isa = PBXBuildFile; fileRef = 150AEC391B3F999A00163767 /* CiDoctorViewController.m */; };
		150AEC4D1B3F999A00163767 /* CiFormulaOptionsWindowController.m in Sources */ = {isa = PBXBuildFile; fileRef = 150AEC3B1B3F999A00163767 /* CiFormulaOptionsWindowController.m */; };
		150AEC4E1B3F999A00163767 /* CiFormulaPopoverViewController.m in Sources */ = {isa = PBXBuildFile; fileRef = 150AEC3D1B3F999A00163767 /* CiFormulaPopoverViewController.m */; };
		150AEC511B3F999A00163767 /* CiInstallationWindowController.m in Sources */ = {isa = PBXBuildFile; fileRef = 150AEC431B3F999A00163767 /* CiInstallationWindowController.m */; };
		150AEC531B3F999A00163767 /* CiSelectedFormulaViewController.m in Sources */ = {isa = PBXBuildFile; fileRef = 150AEC471B3F999A00163767 /* CiSelectedFormulaViewController.m */; };
		150AEC541B3F999A00163767 /* CiSideBarController.m in Sources */ = {isa = PBXBuildFile; fileRef = 150AEC491B3F999A00163767 /* CiSideBarController.m */; };
		150AEC551B3F999A00163767 /* CiUpdateViewController.m in Sources */ = {isa = PBXBuildFile; fileRef = 150AEC4B1B3F999A00163767 /* CiUpdateViewController.m */; };
		1536BFF718EBA92400B67C5C /* Images.xcassets in Resources */ = {isa = PBXBuildFile; fileRef = 1536BFF618EBA92400B67C5C /* Images.xcassets */; };
		1570BA5618EE50BD001C3C5C /* CiFormula.m in Sources */ = {isa = PBXBuildFile; fileRef = 1570BA5518EE50BD001C3C5C /* CiFormula.m */; };
		15715F641C78053300AE0E66 /* CiBundleWindowController.m in Sources */ = {isa = PBXBuildFile; fileRef = 15715F631C78053300AE0E66 /* CiBundleWindowController.m */; };
		1594D13C1B8A6D1A00F764FA /* QuartzCore.framework in Frameworks */ = {isa = PBXBuildFile; fileRef = 15D2CFAC18F202D000B6D9F1 /* QuartzCore.framework */; };
		15A89D3925F2F467003D33F5 /* NSLayoutConstraint+Shims.m in Sources */ = {isa = PBXBuildFile; fileRef = 15A89D3825F2F467003D33F5 /* NSLayoutConstraint+Shims.m */; };
		15B23A2C18F5003600714212 /* dsa_pub.pem in Resources */ = {isa = PBXBuildFile; fileRef = 15B23A2B18F5003600714212 /* dsa_pub.pem */; };
		15BBA18E1BD031C9002C0127 /* CiBackgroundView.m in Sources */ = {isa = PBXBuildFile; fileRef = 15BBA18D1BD031C9002C0127 /* CiBackgroundView.m */; };
		15C34CBF19512DE100B92E36 /* CiAutoScrollTextView.m in Sources */ = {isa = PBXBuildFile; fileRef = 15C34CBE19512DE100B92E36 /* CiAutoScrollTextView.m */; };
		15CEFC631AB335B2005CF54A /* CiLoadingView.m in Sources */ = {isa = PBXBuildFile; fileRef = 15CEFC621AB335B2005CF54A /* CiLoadingView.m */; };
		15D28A121AE1BD27005C8A3E /* BPTimedDispatch.m in Sources */ = {isa = PBXBuildFile; fileRef = 15D28A111AE1BD27005C8A3E /* BPTimedDispatch.m */; };
		15D2CFAD18F202D000B6D9F1 /* QuartzCore.framework in Frameworks */ = {isa = PBXBuildFile; fileRef = 15D2CFAC18F202D000B6D9F1 /* QuartzCore.framework */; };
		15D2CFB818F206DF00B6D9F1 /* README.md in Resources */ = {isa = PBXBuildFile; fileRef = 15D2CFB718F206DF00B6D9F1 /* README.md */; };
		15D2CFBA18F20A8200B6D9F1 /* LICENSE in Resources */ = {isa = PBXBuildFile; fileRef = 15D2CFB918F20A8200B6D9F1 /* LICENSE */; };
		15EC1B0725CED52C00C93861 /* CiWindow.m in Sources */ = {isa = PBXBuildFile; fileRef = 15EC1B0625CED52C00C93861 /* CiWindow.m */; };
		15EC1B0C25CEE4C200C93861 /* CiMainWindowController.m in Sources */ = {isa = PBXBuildFile; fileRef = 15EC1B0B25CEE4C200C93861 /* CiMainWindowController.m */; };
		1FE4FE59148E4CDD008EDE8B /* Cocoa.framework in Frameworks */ = {isa = PBXBuildFile; fileRef = 1FE4FE58148E4CDD008EDE8B /* Cocoa.framework */; };
		1FE4FE65148E4CDD008EDE8B /* main.m in Sources */ = {isa = PBXBuildFile; fileRef = 1FE4FE64148E4CDD008EDE8B /* main.m */; };
		1FE4FE6C148E4CDD008EDE8B /* CiAppDelegate.m in Sources */ = {isa = PBXBuildFile; fileRef = 1FE4FE6B148E4CDD008EDE8B /* CiAppDelegate.m */; };
		B7247B652BD2AE7200C13021 /* Pods-CiceroneTests in Frameworks */ = {isa = PBXBuildFile; fileRef = B79350752BD2ACB100C793ED /* Pods-CiceroneTests */; };
		B7247B662BD2AE7200C13021 /* Pods-CiceroneTests in Embed Frameworks */ = {isa = PBXBuildFile; fileRef = B79350752BD2ACB100C793ED /* Pods-CiceroneTests */; settings = {ATTRIBUTES = (CodeSignOnCopy, RemoveHeadersOnCopy, ); }; };
		B7247B6D2BD52CA800C13021 /* NSString+Summarization.m in Sources */ = {isa = PBXBuildFile; fileRef = B7247B6C2BD52CA800C13021 /* NSString+Summarization.m */; };
		B7247BA52C05C13B00C13021 /* CiHomebrewView.xib in Resources */ = {isa = PBXBuildFile; fileRef = B7247BA42C05C13B00C13021 /* CiHomebrewView.xib */; };
		B7247BA72C05C14D00C13021 /* CiLoadingView.xib in Resources */ = {isa = PBXBuildFile; fileRef = B7247BA62C05C14D00C13021 /* CiLoadingView.xib */; };
		B7247BA92C05C15F00C13021 /* CiDisabledView.xib in Resources */ = {isa = PBXBuildFile; fileRef = B7247BA82C05C15F00C13021 /* CiDisabledView.xib */; };
		B7247BAB2C05C17300C13021 /* CiUpdateView.xib in Resources */ = {isa = PBXBuildFile; fileRef = B7247BAA2C05C17300C13021 /* CiUpdateView.xib */; };
		B7247BAD2C05C18300C13021 /* CiSelectedFormulaView.xib in Resources */ = {isa = PBXBuildFile; fileRef = B7247BAC2C05C18300C13021 /* CiSelectedFormulaView.xib */; };
		B7247BAF2C05C19300C13021 /* CiInstallationWindow.xib in Resources */ = {isa = PBXBuildFile; fileRef = B7247BAE2C05C19300C13021 /* CiInstallationWindow.xib */; };
		B7247BB12C05C1A000C13021 /* CiFormulaPopoverView.xib in Resources */ = {isa = PBXBuildFile; fileRef = B7247BB02C05C1A000C13021 /* CiFormulaPopoverView.xib */; };
		B7247BB32C05C1AE00C13021 /* CiFormulaOptionsWindow.xib in Resources */ = {isa = PBXBuildFile; fileRef = B7247BB22C05C1AE00C13021 /* CiFormulaOptionsWindow.xib */; };
		B7247BB52C05C1BB00C13021 /* CiDoctorView.xib in Resources */ = {isa = PBXBuildFile; fileRef = B7247BB42C05C1BB00C13021 /* CiDoctorView.xib */; };
		B7247BB72C05C1D200C13021 /* CiBundleWindow.xib in Resources */ = {isa = PBXBuildFile; fileRef = B7247BB62C05C1D200C13021 /* CiBundleWindow.xib */; };
		B7247BB92C066A2600C13021 /* Localizable.xcstrings in Resources */ = {isa = PBXBuildFile; fileRef = B7247BB82C066A2600C13021 /* Localizable.xcstrings */; };
		B7247BBE2C08408B00C13021 /* CiSourceListTableCellView.m in Sources */ = {isa = PBXBuildFile; fileRef = B7247BBD2C08408B00C13021 /* CiSourceListTableCellView.m */; };
		B79350782BD2ACCD00C793ED /* Pods-Cicerone in Frameworks */ = {isa = PBXBuildFile; fileRef = B79350732BD2ACB100C793ED /* Pods-Cicerone */; };
		B79350792BD2ACCD00C793ED /* Pods-Cicerone in Embed Frameworks */ = {isa = PBXBuildFile; fileRef = B79350732BD2ACB100C793ED /* Pods-Cicerone */; settings = {ATTRIBUTES = (CodeSignOnCopy, RemoveHeadersOnCopy, ); }; };
		B7BA471F29EE6EB400301D80 /* Credits.md in Resources */ = {isa = PBXBuildFile; fileRef = B7BA471E29EE6EB400301D80 /* Credits.md */; };
		B7C9177D29F80C8800A6E748 /* brewInfo_sbtenv.txt in Resources */ = {isa = PBXBuildFile; fileRef = B7C9177329F80C8700A6E748 /* brewInfo_sbtenv.txt */; };
		B7C9177E29F80C8800A6E748 /* brewInfo_bison.txt in Resources */ = {isa = PBXBuildFile; fileRef = B7C9177429F80C8700A6E748 /* brewInfo_bison.txt */; };
		B7C9177F29F80C8800A6E748 /* brewInfo_mysql.txt in Resources */ = {isa = PBXBuildFile; fileRef = B7C9177529F80C8800A6E748 /* brewInfo_mysql.txt */; };
		B7C9178029F80C8800A6E748 /* brewinfo_nmap.txt in Resources */ = {isa = PBXBuildFile; fileRef = B7C9177629F80C8800A6E748 /* brewinfo_nmap.txt */; };
		B7C9178129F80C8800A6E748 /* brewInfo_percona-server.txt in Resources */ = {isa = PBXBuildFile; fileRef = B7C9177729F80C8800A6E748 /* brewInfo_percona-server.txt */; };
		B7C9178229F80C8800A6E748 /* brewInfo_acme.txt in Resources */ = {isa = PBXBuildFile; fileRef = B7C9177829F80C8800A6E748 /* brewInfo_acme.txt */; };
		B7C9178329F80C8800A6E748 /* brewInfo_ffmpeg.txt in Resources */ = {isa = PBXBuildFile; fileRef = B7C9177929F80C8800A6E748 /* brewInfo_ffmpeg.txt */; };
		B7C9178429F80C8800A6E748 /* brewInfo_bfg.txt in Resources */ = {isa = PBXBuildFile; fileRef = B7C9177A29F80C8800A6E748 /* brewInfo_bfg.txt */; };
		B7C9178629F80C8800A6E748 /* brewInfo_fakeformula.txt in Resources */ = {isa = PBXBuildFile; fileRef = B7C9177C29F80C8800A6E748 /* brewInfo_fakeformula.txt */; };
		B7C9178929F80E7300A6E748 /* CiHomebrewViewController.m in Sources */ = {isa = PBXBuildFile; fileRef = B7C9178829F80E7300A6E748 /* CiHomebrewViewController.m */; };
		B7C9178E29F80E8600A6E748 /* CiHomebrewInterface.m in Sources */ = {isa = PBXBuildFile; fileRef = B7C9178A29F80E8600A6E748 /* CiHomebrewInterface.m */; };
		B7C9178F29F80E8600A6E748 /* CiHomebrewManager.m in Sources */ = {isa = PBXBuildFile; fileRef = B7C9178B29F80E8600A6E748 /* CiHomebrewManager.m */; };
		D212A5881B853069003000ED /* CiFormulaTests.m in Sources */ = {isa = PBXBuildFile; fileRef = D212A5871B853069003000ED /* CiFormulaTests.m */; };
		D23620E11B8B3094006D293D /* CiTask.m in Sources */ = {isa = PBXBuildFile; fileRef = D23620E01B8B3094006D293D /* CiTask.m */; };
		D2682D031B8535BD003DE3D8 /* CiAppDelegate.m in Sources */ = {isa = PBXBuildFile; fileRef = 1FE4FE6B148E4CDD008EDE8B /* CiAppDelegate.m */; };
		D2A3A82D1B8C9F5200D05469 /* CiStyle.m in Sources */ = {isa = PBXBuildFile; fileRef = D2A3A82A1B8C9F5200D05469 /* CiStyle.m */; };
		D2B3A3AA19B9CBEC00DE23B5 /* CiFormulaeTableView.m in Sources */ = {isa = PBXBuildFile; fileRef = D2B3A3A919B9CBEC00DE23B5 /* CiFormulaeTableView.m */; };
		D2B3A3B019B9D7FC00DE23B5 /* CiFormulaeDataSource.m in Sources */ = {isa = PBXBuildFile; fileRef = D2B3A3AF19B9D7FC00DE23B5 /* CiFormulaeDataSource.m */; };
		D2BBAB4B1B85EA7C00F21332 /* CiFormulaOption.m in Sources */ = {isa = PBXBuildFile; fileRef = D2BBAB4A1B85EA7C00F21332 /* CiFormulaOption.m */; };
		D2C1B1021B821A2A00FFC2CA /* CiToolbar.m in Sources */ = {isa = PBXBuildFile; fileRef = D2C1B1011B821A2A00FFC2CA /* CiToolbar.m */; };
		D2C4278B1B8E055B001C1F80 /* CiDisabledView.m in Sources */ = {isa = PBXBuildFile; fileRef = D2C427881B8E055B001C1F80 /* CiDisabledView.m */; };
		D2CC8CA71B90F04C00F763DF /* Security.framework in Frameworks */ = {isa = PBXBuildFile; fileRef = D2CC8CA61B90F04C00F763DF /* Security.framework */; };
		D2F732F119190B75002B2512 /* NSURL+URLValidation.m in Sources */ = {isa = PBXBuildFile; fileRef = D2F732F019190B75002B2512 /* NSURL+URLValidation.m */; };
/* End PBXBuildFile section */

/* Begin PBXContainerItemProxy section */
		B793506E2BD2ACB100C793ED /* PBXContainerItemProxy */ = {
			isa = PBXContainerItemProxy;
			containerPortal = B79350652BD2ACB100C793ED /* Pods.xcodeproj */;
			proxyType = 2;
			remoteGlobalIDString = 638B3D482675D5B7F772E86A0195DEFF;
			remoteInfo = DCOAboutWindow;
		};
		B79350702BD2ACB100C793ED /* PBXContainerItemProxy */ = {
			isa = PBXContainerItemProxy;
			containerPortal = B79350652BD2ACB100C793ED /* Pods.xcodeproj */;
			proxyType = 2;
			remoteGlobalIDString = 6717683B270E078467AB636904F2CE68;
			remoteInfo = DCOTransparentScroller;
		};
		B79350722BD2ACB100C793ED /* PBXContainerItemProxy */ = {
			isa = PBXContainerItemProxy;
			containerPortal = B79350652BD2ACB100C793ED /* Pods.xcodeproj */;
			proxyType = 2;
			remoteGlobalIDString = FEF48ADB5913F7B1581156C8F486F376;
			remoteInfo = "Pods-Cicerone";
		};
		B79350742BD2ACB100C793ED /* PBXContainerItemProxy */ = {
			isa = PBXContainerItemProxy;
			containerPortal = B79350652BD2ACB100C793ED /* Pods.xcodeproj */;
			proxyType = 2;
			remoteGlobalIDString = 16832971BD7DAD3C2EE570570A79342B;
			remoteInfo = "Pods-CiceroneTests";
		};
		B79350762BD2ACB100C793ED /* PBXContainerItemProxy */ = {
			isa = PBXContainerItemProxy;
			containerPortal = B79350652BD2ACB100C793ED /* Pods.xcodeproj */;
			proxyType = 2;
			remoteGlobalIDString = 624624BD0760A5D1D8BE4C09DF17945A;
			remoteInfo = PXSourceList;
		};
/* End PBXContainerItemProxy section */

/* Begin PBXCopyFilesBuildPhase section */
		B7247B672BD2AE7200C13021 /* Embed Frameworks */ = {
			isa = PBXCopyFilesBuildPhase;
			buildActionMask = 2147483647;
			dstPath = "";
			dstSubfolderSpec = 10;
			files = (
				B7247B662BD2AE7200C13021 /* Pods-CiceroneTests in Embed Frameworks */,
			);
			name = "Embed Frameworks";
			runOnlyForDeploymentPostprocessing = 0;
		};
		B793507A2BD2ACCD00C793ED /* Embed Frameworks */ = {
			isa = PBXCopyFilesBuildPhase;
			buildActionMask = 2147483647;
			dstPath = "";
			dstSubfolderSpec = 10;
			files = (
				B79350792BD2ACCD00C793ED /* Pods-Cicerone in Embed Frameworks */,
			);
			name = "Embed Frameworks";
			runOnlyForDeploymentPostprocessing = 0;
		};
/* End PBXCopyFilesBuildPhase section */

/* Begin PBXFileReference section */
		150AEC381B3F999A00163767 /* CiDoctorViewController.h */ = {isa = PBXFileReference; fileEncoding = 4; lastKnownFileType = sourcecode.c.h; name = CiDoctorViewController.h; path = Controllers/CiDoctorViewController.h; sourceTree = "<group>"; };
		150AEC391B3F999A00163767 /* CiDoctorViewController.m */ = {isa = PBXFileReference; fileEncoding = 4; lastKnownFileType = sourcecode.c.objc; name = CiDoctorViewController.m; path = Controllers/CiDoctorViewController.m; sourceTree = "<group>"; };
		150AEC3A1B3F999A00163767 /* CiFormulaOptionsWindowController.h */ = {isa = PBXFileReference; fileEncoding = 4; lastKnownFileType = sourcecode.c.h; name = CiFormulaOptionsWindowController.h; path = Controllers/CiFormulaOptionsWindowController.h; sourceTree = "<group>"; };
		150AEC3B1B3F999A00163767 /* CiFormulaOptionsWindowController.m */ = {isa = PBXFileReference; fileEncoding = 4; lastKnownFileType = sourcecode.c.objc; name = CiFormulaOptionsWindowController.m; path = Controllers/CiFormulaOptionsWindowController.m; sourceTree = "<group>"; };
		150AEC3C1B3F999A00163767 /* CiFormulaPopoverViewController.h */ = {isa = PBXFileReference; fileEncoding = 4; lastKnownFileType = sourcecode.c.h; name = CiFormulaPopoverViewController.h; path = Controllers/CiFormulaPopoverViewController.h; sourceTree = "<group>"; };
		150AEC3D1B3F999A00163767 /* CiFormulaPopoverViewController.m */ = {isa = PBXFileReference; fileEncoding = 4; lastKnownFileType = sourcecode.c.objc; name = CiFormulaPopoverViewController.m; path = Controllers/CiFormulaPopoverViewController.m; sourceTree = "<group>"; };
		150AEC421B3F999A00163767 /* CiInstallationWindowController.h */ = {isa = PBXFileReference; fileEncoding = 4; lastKnownFileType = sourcecode.c.h; name = CiInstallationWindowController.h; path = Controllers/CiInstallationWindowController.h; sourceTree = "<group>"; };
		150AEC431B3F999A00163767 /* CiInstallationWindowController.m */ = {isa = PBXFileReference; fileEncoding = 4; lastKnownFileType = sourcecode.c.objc; name = CiInstallationWindowController.m; path = Controllers/CiInstallationWindowController.m; sourceTree = "<group>"; };
		150AEC461B3F999A00163767 /* CiSelectedFormulaViewController.h */ = {isa = PBXFileReference; fileEncoding = 4; lastKnownFileType = sourcecode.c.h; name = CiSelectedFormulaViewController.h; path = Controllers/CiSelectedFormulaViewController.h; sourceTree = "<group>"; };
		150AEC471B3F999A00163767 /* CiSelectedFormulaViewController.m */ = {isa = PBXFileReference; fileEncoding = 4; lastKnownFileType = sourcecode.c.objc; name = CiSelectedFormulaViewController.m; path = Controllers/CiSelectedFormulaViewController.m; sourceTree = "<group>"; };
		150AEC481B3F999A00163767 /* CiSideBarController.h */ = {isa = PBXFileReference; fileEncoding = 4; lastKnownFileType = sourcecode.c.h; name = CiSideBarController.h; path = Controllers/CiSideBarController.h; sourceTree = "<group>"; };
		150AEC491B3F999A00163767 /* CiSideBarController.m */ = {isa = PBXFileReference; fileEncoding = 4; lastKnownFileType = sourcecode.c.objc; name = CiSideBarController.m; path = Controllers/CiSideBarController.m; sourceTree = "<group>"; };
		150AEC4A1B3F999A00163767 /* CiUpdateViewController.h */ = {isa = PBXFileReference; fileEncoding = 4; lastKnownFileType = sourcecode.c.h; name = CiUpdateViewController.h; path = Controllers/CiUpdateViewController.h; sourceTree = "<group>"; };
		150AEC4B1B3F999A00163767 /* CiUpdateViewController.m */ = {isa = PBXFileReference; fileEncoding = 4; lastKnownFileType = sourcecode.c.objc; name = CiUpdateViewController.m; path = Controllers/CiUpdateViewController.m; sourceTree = "<group>"; };
		1529086A1927C05B00206767 /* .travis.yml */ = {isa = PBXFileReference; fileEncoding = 4; lastKnownFileType = text; path = .travis.yml; sourceTree = SOURCE_ROOT; };
		1536BFF618EBA92400B67C5C /* Images.xcassets */ = {isa = PBXFileReference; lastKnownFileType = folder.assetcatalog; path = Images.xcassets; sourceTree = "<group>"; };
		1570BA5418EE50BD001C3C5C /* CiFormula.h */ = {isa = PBXFileReference; fileEncoding = 4; lastKnownFileType = sourcecode.c.h; path = CiFormula.h; sourceTree = "<group>"; };
		1570BA5518EE50BD001C3C5C /* CiFormula.m */ = {isa = PBXFileReference; fileEncoding = 4; lastKnownFileType = sourcecode.c.objc; path = CiFormula.m; sourceTree = "<group>"; };
		15715F621C78053300AE0E66 /* CiBundleWindowController.h */ = {isa = PBXFileReference; fileEncoding = 4; lastKnownFileType = sourcecode.c.h; path = CiBundleWindowController.h; sourceTree = "<group>"; };
		15715F631C78053300AE0E66 /* CiBundleWindowController.m */ = {isa = PBXFileReference; fileEncoding = 4; lastKnownFileType = sourcecode.c.objc; path = CiBundleWindowController.m; sourceTree = "<group>"; };
		15A89D3725F2F467003D33F5 /* NSLayoutConstraint+Shims.h */ = {isa = PBXFileReference; lastKnownFileType = sourcecode.c.h; path = "NSLayoutConstraint+Shims.h"; sourceTree = "<group>"; };
		15A89D3825F2F467003D33F5 /* NSLayoutConstraint+Shims.m */ = {isa = PBXFileReference; lastKnownFileType = sourcecode.c.objc; path = "NSLayoutConstraint+Shims.m"; sourceTree = "<group>"; };
		15B23A2B18F5003600714212 /* dsa_pub.pem */ = {isa = PBXFileReference; fileEncoding = 4; lastKnownFileType = text; path = dsa_pub.pem; sourceTree = "<group>"; };
		15BBA18C1BD031C9002C0127 /* CiBackgroundView.h */ = {isa = PBXFileReference; fileEncoding = 4; lastKnownFileType = sourcecode.c.h; name = CiBackgroundView.h; path = Views/CiBackgroundView.h; sourceTree = "<group>"; };
		15BBA18D1BD031C9002C0127 /* CiBackgroundView.m */ = {isa = PBXFileReference; fileEncoding = 4; lastKnownFileType = sourcecode.c.objc; name = CiBackgroundView.m; path = Views/CiBackgroundView.m; sourceTree = "<group>"; };
		15C34CBD19512DE100B92E36 /* CiAutoScrollTextView.h */ = {isa = PBXFileReference; fileEncoding = 4; lastKnownFileType = sourcecode.c.h; name = CiAutoScrollTextView.h; path = Views/CiAutoScrollTextView.h; sourceTree = "<group>"; };
		15C34CBE19512DE100B92E36 /* CiAutoScrollTextView.m */ = {isa = PBXFileReference; fileEncoding = 4; lastKnownFileType = sourcecode.c.objc; name = CiAutoScrollTextView.m; path = Views/CiAutoScrollTextView.m; sourceTree = "<group>"; };
		15CEFC611AB335B2005CF54A /* CiLoadingView.h */ = {isa = PBXFileReference; fileEncoding = 4; lastKnownFileType = sourcecode.c.h; name = CiLoadingView.h; path = Views/CiLoadingView.h; sourceTree = "<group>"; };
		15CEFC621AB335B2005CF54A /* CiLoadingView.m */ = {isa = PBXFileReference; fileEncoding = 4; lastKnownFileType = sourcecode.c.objc; name = CiLoadingView.m; path = Views/CiLoadingView.m; sourceTree = "<group>"; };
		15D28A101AE1BD27005C8A3E /* BPTimedDispatch.h */ = {isa = PBXFileReference; fileEncoding = 4; lastKnownFileType = sourcecode.c.h; name = BPTimedDispatch.h; path = BPTimedDispatch/BPTimedDispatch.h; sourceTree = "<group>"; };
		15D28A111AE1BD27005C8A3E /* BPTimedDispatch.m */ = {isa = PBXFileReference; fileEncoding = 4; lastKnownFileType = sourcecode.c.objc; name = BPTimedDispatch.m; path = BPTimedDispatch/BPTimedDispatch.m; sourceTree = "<group>"; };
		15D2CFAC18F202D000B6D9F1 /* QuartzCore.framework */ = {isa = PBXFileReference; lastKnownFileType = wrapper.framework; name = QuartzCore.framework; path = System/Library/Frameworks/QuartzCore.framework; sourceTree = SDKROOT; };
		15D2CFB718F206DF00B6D9F1 /* README.md */ = {isa = PBXFileReference; fileEncoding = 4; lastKnownFileType = text; path = README.md; sourceTree = SOURCE_ROOT; };
		15D2CFB918F20A8200B6D9F1 /* LICENSE */ = {isa = PBXFileReference; fileEncoding = 4; lastKnownFileType = text; path = LICENSE; sourceTree = SOURCE_ROOT; };
		15EC1B0525CED52C00C93861 /* CiWindow.h */ = {isa = PBXFileReference; lastKnownFileType = sourcecode.c.h; path = CiWindow.h; sourceTree = "<group>"; };
		15EC1B0625CED52C00C93861 /* CiWindow.m */ = {isa = PBXFileReference; lastKnownFileType = sourcecode.c.objc; path = CiWindow.m; sourceTree = "<group>"; };
		15EC1B0A25CEE4C200C93861 /* CiMainWindowController.h */ = {isa = PBXFileReference; lastKnownFileType = sourcecode.c.h; path = CiMainWindowController.h; sourceTree = "<group>"; };
		15EC1B0B25CEE4C200C93861 /* CiMainWindowController.m */ = {isa = PBXFileReference; lastKnownFileType = sourcecode.c.objc; path = CiMainWindowController.m; sourceTree = "<group>"; };
		1B21B61714EAF13EA84FF222 /* Pods-CiceroneTests.debug.xcconfig */ = {isa = PBXFileReference; includeInIndex = 1; lastKnownFileType = text.xcconfig; name = "Pods-CiceroneTests.debug.xcconfig"; path = "Target Support Files/Pods-CiceroneTests/Pods-CiceroneTests.debug.xcconfig"; sourceTree = "<group>"; };
		1FE4FE54148E4CDD008EDE8B /* Cicerone.app */ = {isa = PBXFileReference; explicitFileType = wrapper.application; includeInIndex = 0; path = Cicerone.app; sourceTree = BUILT_PRODUCTS_DIR; };
		1FE4FE58148E4CDD008EDE8B /* Cocoa.framework */ = {isa = PBXFileReference; lastKnownFileType = wrapper.framework; name = Cocoa.framework; path = System/Library/Frameworks/Cocoa.framework; sourceTree = SDKROOT; };
		1FE4FE5B148E4CDD008EDE8B /* AppKit.framework */ = {isa = PBXFileReference; lastKnownFileType = wrapper.framework; name = AppKit.framework; path = System/Library/Frameworks/AppKit.framework; sourceTree = SDKROOT; };
		1FE4FE5C148E4CDD008EDE8B /* CoreData.framework */ = {isa = PBXFileReference; lastKnownFileType = wrapper.framework; name = CoreData.framework; path = System/Library/Frameworks/CoreData.framework; sourceTree = SDKROOT; };
		1FE4FE5D148E4CDD008EDE8B /* Foundation.framework */ = {isa = PBXFileReference; lastKnownFileType = wrapper.framework; name = Foundation.framework; path = System/Library/Frameworks/Foundation.framework; sourceTree = SDKROOT; };
		1FE4FE60148E4CDD008EDE8B /* Cicerone-Info.plist */ = {isa = PBXFileReference; lastKnownFileType = text.plist.xml; path = "Cicerone-Info.plist"; sourceTree = "<group>"; };
		1FE4FE64148E4CDD008EDE8B /* main.m */ = {isa = PBXFileReference; lastKnownFileType = sourcecode.c.objc; path = main.m; sourceTree = "<group>"; };
		1FE4FE66148E4CDD008EDE8B /* Cicerone-Prefix.pch */ = {isa = PBXFileReference; lastKnownFileType = sourcecode.c.h; path = "Cicerone-Prefix.pch"; sourceTree = "<group>"; };
		1FE4FE6A148E4CDD008EDE8B /* CiAppDelegate.h */ = {isa = PBXFileReference; lastKnownFileType = sourcecode.c.h; path = CiAppDelegate.h; sourceTree = "<group>"; };
		1FE4FE6B148E4CDD008EDE8B /* CiAppDelegate.m */ = {isa = PBXFileReference; lastKnownFileType = sourcecode.c.objc; path = CiAppDelegate.m; sourceTree = "<group>"; };
		5A096FDAF6579F93FCF80355 /* Pods-Cicerone.release.xcconfig */ = {isa = PBXFileReference; includeInIndex = 1; lastKnownFileType = text.xcconfig; name = "Pods-Cicerone.release.xcconfig"; path = "Target Support Files/Pods-Cicerone/Pods-Cicerone.release.xcconfig"; sourceTree = "<group>"; };
		8E3B2F2DB08D3A5D17E010AE /* Pods_Cicerone.framework */ = {isa = PBXFileReference; explicitFileType = wrapper.framework; includeInIndex = 0; path = Pods_Cicerone.framework; sourceTree = BUILT_PRODUCTS_DIR; };
		ABCD0FD1BA4ECE02384478B4 /* Pods-CiceroneTests.release.xcconfig */ = {isa = PBXFileReference; includeInIndex = 1; lastKnownFileType = text.xcconfig; name = "Pods-CiceroneTests.release.xcconfig"; path = "Target Support Files/Pods-CiceroneTests/Pods-CiceroneTests.release.xcconfig"; sourceTree = "<group>"; };
		B70EBB99C630D39AC65F0200 /* Pods_CiceroneTests.framework */ = {isa = PBXFileReference; explicitFileType = wrapper.framework; includeInIndex = 0; path = Pods_CiceroneTests.framework; sourceTree = BUILT_PRODUCTS_DIR; };
		B7247B6B2BD52CA800C13021 /* NSString+Summarization.h */ = {isa = PBXFileReference; lastKnownFileType = sourcecode.c.h; path = "NSString+Summarization.h"; sourceTree = "<group>"; };
		B7247B6C2BD52CA800C13021 /* NSString+Summarization.m */ = {isa = PBXFileReference; lastKnownFileType = sourcecode.c.objc; path = "NSString+Summarization.m"; sourceTree = "<group>"; };
		B7247BA42C05C13B00C13021 /* CiHomebrewView.xib */ = {isa = PBXFileReference; lastKnownFileType = file.xib; path = CiHomebrewView.xib; sourceTree = "<group>"; };
		B7247BA62C05C14D00C13021 /* CiLoadingView.xib */ = {isa = PBXFileReference; lastKnownFileType = file.xib; name = CiLoadingView.xib; path = Views/CiLoadingView.xib; sourceTree = "<group>"; };
		B7247BA82C05C15F00C13021 /* CiDisabledView.xib */ = {isa = PBXFileReference; lastKnownFileType = file.xib; name = CiDisabledView.xib; path = Views/CiDisabledView.xib; sourceTree = "<group>"; };
		B7247BAA2C05C17300C13021 /* CiUpdateView.xib */ = {isa = PBXFileReference; lastKnownFileType = file.xib; path = CiUpdateView.xib; sourceTree = "<group>"; };
		B7247BAC2C05C18300C13021 /* CiSelectedFormulaView.xib */ = {isa = PBXFileReference; lastKnownFileType = file.xib; path = CiSelectedFormulaView.xib; sourceTree = "<group>"; };
		B7247BAE2C05C19300C13021 /* CiInstallationWindow.xib */ = {isa = PBXFileReference; lastKnownFileType = file.xib; path = CiInstallationWindow.xib; sourceTree = "<group>"; };
		B7247BB02C05C1A000C13021 /* CiFormulaPopoverView.xib */ = {isa = PBXFileReference; lastKnownFileType = file.xib; path = CiFormulaPopoverView.xib; sourceTree = "<group>"; };
		B7247BB22C05C1AE00C13021 /* CiFormulaOptionsWindow.xib */ = {isa = PBXFileReference; lastKnownFileType = file.xib; path = CiFormulaOptionsWindow.xib; sourceTree = "<group>"; };
		B7247BB42C05C1BB00C13021 /* CiDoctorView.xib */ = {isa = PBXFileReference; lastKnownFileType = file.xib; path = CiDoctorView.xib; sourceTree = "<group>"; };
		B7247BB62C05C1D200C13021 /* CiBundleWindow.xib */ = {isa = PBXFileReference; lastKnownFileType = file.xib; path = CiBundleWindow.xib; sourceTree = "<group>"; };
		B7247BB82C066A2600C13021 /* Localizable.xcstrings */ = {isa = PBXFileReference; indentWidth = 4; lastKnownFileType = text.json.xcstrings; path = Localizable.xcstrings; sourceTree = "<group>"; };
		B7247BBC2C08408B00C13021 /* CiSourceListTableCellView.h */ = {isa = PBXFileReference; lastKnownFileType = sourcecode.c.h; path = CiSourceListTableCellView.h; sourceTree = "<group>"; };
		B7247BBD2C08408B00C13021 /* CiSourceListTableCellView.m */ = {isa = PBXFileReference; lastKnownFileType = sourcecode.c.objc; path = CiSourceListTableCellView.m; sourceTree = "<group>"; };
		B79350652BD2ACB100C793ED /* Pods.xcodeproj */ = {isa = PBXFileReference; lastKnownFileType = "wrapper.pb-project"; name = Pods.xcodeproj; path = Pods/Pods.xcodeproj; sourceTree = "<group>"; };
		B7BA471E29EE6EB400301D80 /* Credits.md */ = {isa = PBXFileReference; fileEncoding = 4; lastKnownFileType = net.daringfireball.markdown; path = Credits.md; sourceTree = SOURCE_ROOT; };
		B7BA472029F0F7BF00301D80 /* Podfile */ = {isa = PBXFileReference; explicitFileType = text.script.ruby; indentWidth = 2; path = Podfile; sourceTree = SOURCE_ROOT; tabWidth = 2; xcLanguageSpecificationIdentifier = xcode.lang.ruby; };
		B7C9177229F7E3ED00A6E748 /* .gitignore */ = {isa = PBXFileReference; lastKnownFileType = text; path = .gitignore; sourceTree = SOURCE_ROOT; };
		B7C9177329F80C8700A6E748 /* brewInfo_sbtenv.txt */ = {isa = PBXFileReference; fileEncoding = 4; lastKnownFileType = text; path = brewInfo_sbtenv.txt; sourceTree = "<group>"; };
		B7C9177429F80C8700A6E748 /* brewInfo_bison.txt */ = {isa = PBXFileReference; fileEncoding = 4; lastKnownFileType = text; path = brewInfo_bison.txt; sourceTree = "<group>"; };
		B7C9177529F80C8800A6E748 /* brewInfo_mysql.txt */ = {isa = PBXFileReference; fileEncoding = 4; lastKnownFileType = text; path = brewInfo_mysql.txt; sourceTree = "<group>"; };
		B7C9177629F80C8800A6E748 /* brewinfo_nmap.txt */ = {isa = PBXFileReference; fileEncoding = 4; lastKnownFileType = text; path = brewinfo_nmap.txt; sourceTree = "<group>"; };
		B7C9177729F80C8800A6E748 /* brewInfo_percona-server.txt */ = {isa = PBXFileReference; fileEncoding = 4; lastKnownFileType = text; path = "brewInfo_percona-server.txt"; sourceTree = "<group>"; };
		B7C9177829F80C8800A6E748 /* brewInfo_acme.txt */ = {isa = PBXFileReference; fileEncoding = 4; lastKnownFileType = text; path = brewInfo_acme.txt; sourceTree = "<group>"; };
		B7C9177929F80C8800A6E748 /* brewInfo_ffmpeg.txt */ = {isa = PBXFileReference; fileEncoding = 4; lastKnownFileType = text; path = brewInfo_ffmpeg.txt; sourceTree = "<group>"; };
		B7C9177A29F80C8800A6E748 /* brewInfo_bfg.txt */ = {isa = PBXFileReference; fileEncoding = 4; lastKnownFileType = text; path = brewInfo_bfg.txt; sourceTree = "<group>"; };
		B7C9177C29F80C8800A6E748 /* brewInfo_fakeformula.txt */ = {isa = PBXFileReference; fileEncoding = 4; lastKnownFileType = text; path = brewInfo_fakeformula.txt; sourceTree = "<group>"; };
		B7C9178729F80E5E00A6E748 /* CiHomebrewViewController.h */ = {isa = PBXFileReference; fileEncoding = 4; lastKnownFileType = sourcecode.c.h; name = CiHomebrewViewController.h; path = Controllers/CiHomebrewViewController.h; sourceTree = "<group>"; };
		B7C9178829F80E7300A6E748 /* CiHomebrewViewController.m */ = {isa = PBXFileReference; fileEncoding = 4; lastKnownFileType = sourcecode.c.objc; name = CiHomebrewViewController.m; path = Controllers/CiHomebrewViewController.m; sourceTree = "<group>"; };
		B7C9178A29F80E8600A6E748 /* CiHomebrewInterface.m */ = {isa = PBXFileReference; fileEncoding = 4; lastKnownFileType = sourcecode.c.objc; path = CiHomebrewInterface.m; sourceTree = "<group>"; };
		B7C9178B29F80E8600A6E748 /* CiHomebrewManager.m */ = {isa = PBXFileReference; fileEncoding = 4; lastKnownFileType = sourcecode.c.objc; path = CiHomebrewManager.m; sourceTree = "<group>"; };
		B7C9178C29F80E8600A6E748 /* CiHomebrewManager.h */ = {isa = PBXFileReference; fileEncoding = 4; lastKnownFileType = sourcecode.c.h; path = CiHomebrewManager.h; sourceTree = "<group>"; };
		B7C9178D29F80E8600A6E748 /* CiHomebrewInterface.h */ = {isa = PBXFileReference; fileEncoding = 4; lastKnownFileType = sourcecode.c.h; path = CiHomebrewInterface.h; sourceTree = "<group>"; };
		B7C9179529F983F900A6E748 /* Cicerone.entitlements */ = {isa = PBXFileReference; lastKnownFileType = text.plist.entitlements; path = Cicerone.entitlements; sourceTree = "<group>"; };
		CC48D4580DADCBBA6EF403D2 /* Pods-Cicerone.debug.xcconfig */ = {isa = PBXFileReference; includeInIndex = 1; lastKnownFileType = text.xcconfig; name = "Pods-Cicerone.debug.xcconfig"; path = "Target Support Files/Pods-Cicerone/Pods-Cicerone.debug.xcconfig"; sourceTree = "<group>"; };
		D212A5871B853069003000ED /* CiFormulaTests.m */ = {isa = PBXFileReference; fileEncoding = 4; lastKnownFileType = sourcecode.c.objc; path = CiFormulaTests.m; sourceTree = "<group>"; };
		D23620DF1B8B3094006D293D /* CiTask.h */ = {isa = PBXFileReference; fileEncoding = 4; lastKnownFileType = sourcecode.c.h; path = CiTask.h; sourceTree = "<group>"; };
		D23620E01B8B3094006D293D /* CiTask.m */ = {isa = PBXFileReference; fileEncoding = 4; lastKnownFileType = sourcecode.c.objc; path = CiTask.m; sourceTree = "<group>"; };
		D261C9C01B852FA300409803 /* CiceroneTests.xctest */ = {isa = PBXFileReference; explicitFileType = wrapper.cfbundle; includeInIndex = 0; path = CiceroneTests.xctest; sourceTree = BUILT_PRODUCTS_DIR; };
		D261C9C31B852FA300409803 /* Info.plist */ = {isa = PBXFileReference; lastKnownFileType = text.plist.xml; path = Info.plist; sourceTree = "<group>"; };
		D2A3A8291B8C9F5200D05469 /* CiStyle.h */ = {isa = PBXFileReference; fileEncoding = 4; lastKnownFileType = sourcecode.c.h; path = CiStyle.h; sourceTree = "<group>"; };
		D2A3A82A1B8C9F5200D05469 /* CiStyle.m */ = {isa = PBXFileReference; fileEncoding = 4; lastKnownFileType = sourcecode.c.objc; path = CiStyle.m; sourceTree = "<group>"; };
		D2B3A3A819B9CBEC00DE23B5 /* CiFormulaeTableView.h */ = {isa = PBXFileReference; fileEncoding = 4; lastKnownFileType = sourcecode.c.h; path = CiFormulaeTableView.h; sourceTree = "<group>"; };
		D2B3A3A919B9CBEC00DE23B5 /* CiFormulaeTableView.m */ = {isa = PBXFileReference; fileEncoding = 4; lastKnownFileType = sourcecode.c.objc; path = CiFormulaeTableView.m; sourceTree = "<group>"; };
		D2B3A3AE19B9D7FC00DE23B5 /* CiFormulaeDataSource.h */ = {isa = PBXFileReference; fileEncoding = 4; lastKnownFileType = sourcecode.c.h; path = CiFormulaeDataSource.h; sourceTree = "<group>"; };
		D2B3A3AF19B9D7FC00DE23B5 /* CiFormulaeDataSource.m */ = {isa = PBXFileReference; fileEncoding = 4; lastKnownFileType = sourcecode.c.objc; path = CiFormulaeDataSource.m; sourceTree = "<group>"; };
		D2BBAB491B85EA7C00F21332 /* CiFormulaOption.h */ = {isa = PBXFileReference; fileEncoding = 4; lastKnownFileType = sourcecode.c.h; path = CiFormulaOption.h; sourceTree = "<group>"; };
		D2BBAB4A1B85EA7C00F21332 /* CiFormulaOption.m */ = {isa = PBXFileReference; fileEncoding = 4; lastKnownFileType = sourcecode.c.objc; path = CiFormulaOption.m; sourceTree = "<group>"; };
		D2C1B1001B821A2A00FFC2CA /* CiToolbar.h */ = {isa = PBXFileReference; fileEncoding = 4; lastKnownFileType = sourcecode.c.h; path = CiToolbar.h; sourceTree = "<group>"; };
		D2C1B1011B821A2A00FFC2CA /* CiToolbar.m */ = {isa = PBXFileReference; fileEncoding = 4; lastKnownFileType = sourcecode.c.objc; path = CiToolbar.m; sourceTree = "<group>"; };
		D2C427871B8E055B001C1F80 /* CiDisabledView.h */ = {isa = PBXFileReference; fileEncoding = 4; lastKnownFileType = sourcecode.c.h; name = CiDisabledView.h; path = Views/CiDisabledView.h; sourceTree = "<group>"; };
		D2C427881B8E055B001C1F80 /* CiDisabledView.m */ = {isa = PBXFileReference; fileEncoding = 4; lastKnownFileType = sourcecode.c.objc; name = CiDisabledView.m; path = Views/CiDisabledView.m; sourceTree = "<group>"; };
		D2CC8CA61B90F04C00F763DF /* Security.framework */ = {isa = PBXFileReference; lastKnownFileType = wrapper.framework; name = Security.framework; path = System/Library/Frameworks/Security.framework; sourceTree = SDKROOT; };
		D2F732EF19190B75002B2512 /* NSURL+URLValidation.h */ = {isa = PBXFileReference; fileEncoding = 4; lastKnownFileType = sourcecode.c.h; path = "NSURL+URLValidation.h"; sourceTree = "<group>"; };
		D2F732F019190B75002B2512 /* NSURL+URLValidation.m */ = {isa = PBXFileReference; fileEncoding = 4; lastKnownFileType = sourcecode.c.objc; path = "NSURL+URLValidation.m"; sourceTree = "<group>"; };
/* End PBXFileReference section */

/* Begin PBXFrameworksBuildPhase section */
		1FE4FE51148E4CDD008EDE8B /* Frameworks */ = {
			isa = PBXFrameworksBuildPhase;
			buildActionMask = 2147483647;
			files = (
				B79350782BD2ACCD00C793ED /* Pods-Cicerone in Frameworks */,
				D2CC8CA71B90F04C00F763DF /* Security.framework in Frameworks */,
				15D2CFAD18F202D000B6D9F1 /* QuartzCore.framework in Frameworks */,
				1FE4FE59148E4CDD008EDE8B /* Cocoa.framework in Frameworks */,
			);
			runOnlyForDeploymentPostprocessing = 0;
		};
		D261C9BD1B852FA300409803 /* Frameworks */ = {
			isa = PBXFrameworksBuildPhase;
			buildActionMask = 2147483647;
			files = (
				B7247B652BD2AE7200C13021 /* Pods-CiceroneTests in Frameworks */,
				1594D13C1B8A6D1A00F764FA /* QuartzCore.framework in Frameworks */,
			);
			runOnlyForDeploymentPostprocessing = 0;
		};
/* End PBXFrameworksBuildPhase section */

/* Begin PBXGroup section */
		15A974AB1968A3C900621C35 /* Views */ = {
			isa = PBXGroup;
			children = (
				15C34CBD19512DE100B92E36 /* CiAutoScrollTextView.h */,
				15C34CBE19512DE100B92E36 /* CiAutoScrollTextView.m */,
				15BBA18C1BD031C9002C0127 /* CiBackgroundView.h */,
				15BBA18D1BD031C9002C0127 /* CiBackgroundView.m */,
				B7247BB62C05C1D200C13021 /* CiBundleWindow.xib */,
				15715F621C78053300AE0E66 /* CiBundleWindowController.h */,
				15715F631C78053300AE0E66 /* CiBundleWindowController.m */,
				D2C427871B8E055B001C1F80 /* CiDisabledView.h */,
				D2C427881B8E055B001C1F80 /* CiDisabledView.m */,
				B7247BA82C05C15F00C13021 /* CiDisabledView.xib */,
				B7247BB42C05C1BB00C13021 /* CiDoctorView.xib */,
				150AEC381B3F999A00163767 /* CiDoctorViewController.h */,
				150AEC391B3F999A00163767 /* CiDoctorViewController.m */,
				D2B3A3AE19B9D7FC00DE23B5 /* CiFormulaeDataSource.h */,
				D2B3A3AF19B9D7FC00DE23B5 /* CiFormulaeDataSource.m */,
				D2B3A3A819B9CBEC00DE23B5 /* CiFormulaeTableView.h */,
				D2B3A3A919B9CBEC00DE23B5 /* CiFormulaeTableView.m */,
				B7247BB22C05C1AE00C13021 /* CiFormulaOptionsWindow.xib */,
				150AEC3A1B3F999A00163767 /* CiFormulaOptionsWindowController.h */,
				150AEC3B1B3F999A00163767 /* CiFormulaOptionsWindowController.m */,
				B7247BB02C05C1A000C13021 /* CiFormulaPopoverView.xib */,
				150AEC3C1B3F999A00163767 /* CiFormulaPopoverViewController.h */,
				150AEC3D1B3F999A00163767 /* CiFormulaPopoverViewController.m */,
				B7247BA42C05C13B00C13021 /* CiHomebrewView.xib */,
				B7C9178729F80E5E00A6E748 /* CiHomebrewViewController.h */,
				B7C9178829F80E7300A6E748 /* CiHomebrewViewController.m */,
				B7247BAE2C05C19300C13021 /* CiInstallationWindow.xib */,
				150AEC421B3F999A00163767 /* CiInstallationWindowController.h */,
				150AEC431B3F999A00163767 /* CiInstallationWindowController.m */,
				15CEFC611AB335B2005CF54A /* CiLoadingView.h */,
				15CEFC621AB335B2005CF54A /* CiLoadingView.m */,
				B7247BA62C05C14D00C13021 /* CiLoadingView.xib */,
				15EC1B0A25CEE4C200C93861 /* CiMainWindowController.h */,
				15EC1B0B25CEE4C200C93861 /* CiMainWindowController.m */,
				B7247BAC2C05C18300C13021 /* CiSelectedFormulaView.xib */,
				150AEC461B3F999A00163767 /* CiSelectedFormulaViewController.h */,
				150AEC471B3F999A00163767 /* CiSelectedFormulaViewController.m */,
				150AEC481B3F999A00163767 /* CiSideBarController.h */,
				150AEC491B3F999A00163767 /* CiSideBarController.m */,
				D2A3A8291B8C9F5200D05469 /* CiStyle.h */,
				D2A3A82A1B8C9F5200D05469 /* CiStyle.m */,
				D2C1B1001B821A2A00FFC2CA /* CiToolbar.h */,
				D2C1B1011B821A2A00FFC2CA /* CiToolbar.m */,
				B7247BAA2C05C17300C13021 /* CiUpdateView.xib */,
				150AEC4A1B3F999A00163767 /* CiUpdateViewController.h */,
				150AEC4B1B3F999A00163767 /* CiUpdateViewController.m */,
				15EC1B0525CED52C00C93861 /* CiWindow.h */,
				15EC1B0625CED52C00C93861 /* CiWindow.m */,
				B7247BBC2C08408B00C13021 /* CiSourceListTableCellView.h */,
				B7247BBD2C08408B00C13021 /* CiSourceListTableCellView.m */,
			);
			name = Views;
			sourceTree = "<group>";
		};
		15A974AC1968A3E800621C35 /* Brew */ = {
			isa = PBXGroup;
			children = (
				1570BA5418EE50BD001C3C5C /* CiFormula.h */,
				1570BA5518EE50BD001C3C5C /* CiFormula.m */,
				D2BBAB491B85EA7C00F21332 /* CiFormulaOption.h */,
				D2BBAB4A1B85EA7C00F21332 /* CiFormulaOption.m */,
				B7C9178D29F80E8600A6E748 /* CiHomebrewInterface.h */,
				B7C9178A29F80E8600A6E748 /* CiHomebrewInterface.m */,
				B7C9178C29F80E8600A6E748 /* CiHomebrewManager.h */,
				B7C9178B29F80E8600A6E748 /* CiHomebrewManager.m */,
			);
			name = Brew;
			sourceTree = "<group>";
		};
		15D28A0F1AE1BCFE005C8A3E /* BPTimedDispatch */ = {
			isa = PBXGroup;
			children = (
				15D28A101AE1BD27005C8A3E /* BPTimedDispatch.h */,
				15D28A111AE1BD27005C8A3E /* BPTimedDispatch.m */,
			);
			name = BPTimedDispatch;
			sourceTree = "<group>";
		};
		15D5BEF618EBC56E001DDED7 /* Utilities */ = {
			isa = PBXGroup;
			children = (
				D23620DF1B8B3094006D293D /* CiTask.h */,
				D23620E01B8B3094006D293D /* CiTask.m */,
				15D28A0F1AE1BCFE005C8A3E /* BPTimedDispatch */,
			);
			path = Utilities;
			sourceTree = "<group>";
		};
		1FE4FE49148E4CDD008EDE8B = {
			isa = PBXGroup;
			children = (
				1FE4FE5E148E4CDD008EDE8B /* Cicerone */,
				D261C9C11B852FA300409803 /* CiceroneTests */,
				1FE4FE57148E4CDD008EDE8B /* Frameworks */,
				1FE4FE55148E4CDD008EDE8B /* Products */,
				D8288741519E0286D70108FD /* Pods */,
			);
			sourceTree = "<group>";
			tabWidth = 4;
			usesTabs = 0;
		};
		1FE4FE55148E4CDD008EDE8B /* Products */ = {
			isa = PBXGroup;
			children = (
				1FE4FE54148E4CDD008EDE8B /* Cicerone.app */,
				D261C9C01B852FA300409803 /* CiceroneTests.xctest */,
			);
			name = Products;
			sourceTree = "<group>";
		};
		1FE4FE57148E4CDD008EDE8B /* Frameworks */ = {
			isa = PBXGroup;
			children = (
				B79350652BD2ACB100C793ED /* Pods.xcodeproj */,
				D2CC8CA61B90F04C00F763DF /* Security.framework */,
				15D2CFAC18F202D000B6D9F1 /* QuartzCore.framework */,
				1FE4FE58148E4CDD008EDE8B /* Cocoa.framework */,
				1FE4FE5A148E4CDD008EDE8B /* Other Frameworks */,
				8E3B2F2DB08D3A5D17E010AE /* Pods_Cicerone.framework */,
				B70EBB99C630D39AC65F0200 /* Pods_CiceroneTests.framework */,
			);
			name = Frameworks;
			sourceTree = "<group>";
		};
		1FE4FE5A148E4CDD008EDE8B /* Other Frameworks */ = {
			isa = PBXGroup;
			children = (
				1FE4FE5B148E4CDD008EDE8B /* AppKit.framework */,
				1FE4FE5C148E4CDD008EDE8B /* CoreData.framework */,
				1FE4FE5D148E4CDD008EDE8B /* Foundation.framework */,
			);
			name = "Other Frameworks";
			sourceTree = "<group>";
		};
		1FE4FE5E148E4CDD008EDE8B /* Cicerone */ = {
			isa = PBXGroup;
			children = (
				15A974AC1968A3E800621C35 /* Brew */,
				D2F732EE19190B75002B2512 /* Categories */,
				1FE4FE6A148E4CDD008EDE8B /* CiAppDelegate.h */,
				1FE4FE6B148E4CDD008EDE8B /* CiAppDelegate.m */,
				15D5BEF618EBC56E001DDED7 /* Utilities */,
				1FE4FE64148E4CDD008EDE8B /* main.m */,
				1FE4FE5F148E4CDD008EDE8B /* Supporting Files */,
				15A974AB1968A3C900621C35 /* Views */,
			);
			path = Cicerone;
			sourceTree = "<group>";
		};
		1FE4FE5F148E4CDD008EDE8B /* Supporting Files */ = {
			isa = PBXGroup;
			children = (
				B7C9179529F983F900A6E748 /* Cicerone.entitlements */,
				1536BFF618EBA92400B67C5C /* Images.xcassets */,
				B7C9177229F7E3ED00A6E748 /* .gitignore */,
				B7BA472029F0F7BF00301D80 /* Podfile */,
				15B23A2B18F5003600714212 /* dsa_pub.pem */,
				15D2CFB918F20A8200B6D9F1 /* LICENSE */,
				15D2CFB718F206DF00B6D9F1 /* README.md */,
				1FE4FE60148E4CDD008EDE8B /* Cicerone-Info.plist */,
				1FE4FE66148E4CDD008EDE8B /* Cicerone-Prefix.pch */,
				B7BA471E29EE6EB400301D80 /* Credits.md */,
				1529086A1927C05B00206767 /* .travis.yml */,
				B7247BB82C066A2600C13021 /* Localizable.xcstrings */,
			);
			name = "Supporting Files";
			sourceTree = "<group>";
		};
		B79350662BD2ACB100C793ED /* Products */ = {
			isa = PBXGroup;
			children = (
				B793506F2BD2ACB100C793ED /* DCOAboutWindow */,
				B79350712BD2ACB100C793ED /* DCOTransparentScroller */,
				B79350732BD2ACB100C793ED /* Pods-Cicerone */,
				B79350752BD2ACB100C793ED /* Pods-CiceroneTests */,
				B79350772BD2ACB100C793ED /* PXSourceList */,
			);
			name = Products;
			sourceTree = "<group>";
		};
		D261C9C11B852FA300409803 /* CiceroneTests */ = {
			isa = PBXGroup;
			children = (
				D212A5871B853069003000ED /* CiFormulaTests.m */,
				B7C9177829F80C8800A6E748 /* brewInfo_acme.txt */,
				B7C9177A29F80C8800A6E748 /* brewInfo_bfg.txt */,
				B7C9177429F80C8700A6E748 /* brewInfo_bison.txt */,
				B7C9177C29F80C8800A6E748 /* brewInfo_fakeformula.txt */,
				B7C9177929F80C8800A6E748 /* brewInfo_ffmpeg.txt */,
				B7C9177529F80C8800A6E748 /* brewInfo_mysql.txt */,
				B7C9177629F80C8800A6E748 /* brewinfo_nmap.txt */,
				B7C9177729F80C8800A6E748 /* brewInfo_percona-server.txt */,
				B7C9177329F80C8700A6E748 /* brewInfo_sbtenv.txt */,
				D261C9C21B852FA300409803 /* Supporting Files */,
			);
			path = CiceroneTests;
			sourceTree = "<group>";
		};
		D261C9C21B852FA300409803 /* Supporting Files */ = {
			isa = PBXGroup;
			children = (
				D261C9C31B852FA300409803 /* Info.plist */,
			);
			name = "Supporting Files";
			sourceTree = "<group>";
		};
		D2F732EE19190B75002B2512 /* Categories */ = {
			isa = PBXGroup;
			children = (
				D2F732EF19190B75002B2512 /* NSURL+URLValidation.h */,
				D2F732F019190B75002B2512 /* NSURL+URLValidation.m */,
				15A89D3725F2F467003D33F5 /* NSLayoutConstraint+Shims.h */,
				15A89D3825F2F467003D33F5 /* NSLayoutConstraint+Shims.m */,
				B7247B6B2BD52CA800C13021 /* NSString+Summarization.h */,
				B7247B6C2BD52CA800C13021 /* NSString+Summarization.m */,
			);
			path = Categories;
			sourceTree = "<group>";
		};
		D8288741519E0286D70108FD /* Pods */ = {
			isa = PBXGroup;
			children = (
				CC48D4580DADCBBA6EF403D2 /* Pods-Cicerone.debug.xcconfig */,
				5A096FDAF6579F93FCF80355 /* Pods-Cicerone.release.xcconfig */,
				1B21B61714EAF13EA84FF222 /* Pods-CiceroneTests.debug.xcconfig */,
				ABCD0FD1BA4ECE02384478B4 /* Pods-CiceroneTests.release.xcconfig */,
			);
			path = Pods;
			sourceTree = "<group>";
		};
/* End PBXGroup section */

/* Begin PBXNativeTarget section */
		1FE4FE53148E4CDD008EDE8B /* Cicerone */ = {
			isa = PBXNativeTarget;
			buildConfigurationList = 1FE4FE72148E4CDD008EDE8B /* Build configuration list for PBXNativeTarget "Cicerone" */;
			buildPhases = (
				E3C1006B026AD11B7181A8FD /* [CP] Check Pods Manifest.lock */,
				1FE4FE50148E4CDD008EDE8B /* Sources */,
				1FE4FE51148E4CDD008EDE8B /* Frameworks */,
				1FE4FE52148E4CDD008EDE8B /* Resources */,
				6A35F7BC147C2F7885E312B2 /* [CP] Embed Pods Frameworks */,
				1555FD5F25CF4E5800E5D344 /* Fix Sparkle Hardened Runtime */,
				B793507A2BD2ACCD00C793ED /* Embed Frameworks */,
			);
			buildRules = (
			);
			dependencies = (
			);
			name = Cicerone;
			productName = Cicerone;
			productReference = 1FE4FE54148E4CDD008EDE8B /* Cicerone.app */;
			productType = "com.apple.product-type.application";
		};
		D261C9BF1B852FA300409803 /* CiceroneTests */ = {
			isa = PBXNativeTarget;
			buildConfigurationList = D261C9CA1B852FA300409803 /* Build configuration list for PBXNativeTarget "CiceroneTests" */;
			buildPhases = (
				FC4D02B629C501310D319241 /* [CP] Check Pods Manifest.lock */,
				D261C9BC1B852FA300409803 /* Sources */,
				D261C9BD1B852FA300409803 /* Frameworks */,
				D261C9BE1B852FA300409803 /* Resources */,
				B7247B672BD2AE7200C13021 /* Embed Frameworks */,
			);
			buildRules = (
			);
			dependencies = (
			);
			name = CiceroneTests;
			productName = CiceroneTests;
			productReference = D261C9C01B852FA300409803 /* CiceroneTests.xctest */;
			productType = "com.apple.product-type.bundle.unit-test";
		};
/* End PBXNativeTarget section */

/* Begin PBXProject section */
		1FE4FE4B148E4CDD008EDE8B /* Project object */ = {
			isa = PBXProject;
			attributes = {
				BuildIndependentTargetsInParallel = YES;
				CLASSPREFIX = Ci;
				LastUpgradeCheck = 1430;
				ORGANIZATIONNAME = "oaVa-o";
				TargetAttributes = {
					1FE4FE53148E4CDD008EDE8B = {
						ProvisioningStyle = Automatic;
					};
					D261C9BF1B852FA300409803 = {
						CreatedOnToolsVersion = 6.4;
					};
				};
			};
			buildConfigurationList = 1FE4FE4E148E4CDD008EDE8B /* Build configuration list for PBXProject "Cicerone" */;
			compatibilityVersion = "Xcode 15.3";
			developmentRegion = en;
			hasScannedForEncodings = 0;
			knownRegions = (
				en,
				Base,
			);
			mainGroup = 1FE4FE49148E4CDD008EDE8B;
			productRefGroup = 1FE4FE55148E4CDD008EDE8B /* Products */;
			projectDirPath = "";
			projectReferences = (
				{
					ProductGroup = B79350662BD2ACB100C793ED /* Products */;
					ProjectRef = B79350652BD2ACB100C793ED /* Pods.xcodeproj */;
				},
			);
			projectRoot = "";
			targets = (
				1FE4FE53148E4CDD008EDE8B /* Cicerone */,
				D261C9BF1B852FA300409803 /* CiceroneTests */,
			);
		};
/* End PBXProject section */

/* Begin PBXReferenceProxy section */
		B793506F2BD2ACB100C793ED /* DCOAboutWindow */ = {
			isa = PBXReferenceProxy;
			fileType = wrapper.framework;
			name = DCOAboutWindow;
			path = DCOAboutWindow.framework;
			remoteRef = B793506E2BD2ACB100C793ED /* PBXContainerItemProxy */;
			sourceTree = BUILT_PRODUCTS_DIR;
		};
		B79350712BD2ACB100C793ED /* DCOTransparentScroller */ = {
			isa = PBXReferenceProxy;
			fileType = wrapper.framework;
			name = DCOTransparentScroller;
			path = DCOTransparentScroller.framework;
			remoteRef = B79350702BD2ACB100C793ED /* PBXContainerItemProxy */;
			sourceTree = BUILT_PRODUCTS_DIR;
		};
		B79350732BD2ACB100C793ED /* Pods-Cicerone */ = {
			isa = PBXReferenceProxy;
			fileType = wrapper.framework;
			name = "Pods-Cicerone";
			path = Pods_Cicerone.framework;
			remoteRef = B79350722BD2ACB100C793ED /* PBXContainerItemProxy */;
			sourceTree = BUILT_PRODUCTS_DIR;
		};
		B79350752BD2ACB100C793ED /* Pods-CiceroneTests */ = {
			isa = PBXReferenceProxy;
			fileType = wrapper.framework;
			name = "Pods-CiceroneTests";
			path = Pods_CiceroneTests.framework;
			remoteRef = B79350742BD2ACB100C793ED /* PBXContainerItemProxy */;
			sourceTree = BUILT_PRODUCTS_DIR;
		};
		B79350772BD2ACB100C793ED /* PXSourceList */ = {
			isa = PBXReferenceProxy;
			fileType = wrapper.framework;
			name = PXSourceList;
			path = PXSourceList.framework;
			remoteRef = B79350762BD2ACB100C793ED /* PBXContainerItemProxy */;
			sourceTree = BUILT_PRODUCTS_DIR;
		};
/* End PBXReferenceProxy section */

/* Begin PBXResourcesBuildPhase section */
		1FE4FE52148E4CDD008EDE8B /* Resources */ = {
			isa = PBXResourcesBuildPhase;
			buildActionMask = 2147483647;
			files = (
				B7247BB52C05C1BB00C13021 /* CiDoctorView.xib in Resources */,
				B7247BA52C05C13B00C13021 /* CiHomebrewView.xib in Resources */,
				B7247BB12C05C1A000C13021 /* CiFormulaPopoverView.xib in Resources */,
				B7247BB32C05C1AE00C13021 /* CiFormulaOptionsWindow.xib in Resources */,
				B7247BAD2C05C18300C13021 /* CiSelectedFormulaView.xib in Resources */,
				B7247BA72C05C14D00C13021 /* CiLoadingView.xib in Resources */,
				B7BA471F29EE6EB400301D80 /* Credits.md in Resources */,
				1536BFF718EBA92400B67C5C /* Images.xcassets in Resources */,
				15D2CFB818F206DF00B6D9F1 /* README.md in Resources */,
				15B23A2C18F5003600714212 /* dsa_pub.pem in Resources */,
				B7247BB92C066A2600C13021 /* Localizable.xcstrings in Resources */,
				B7247BAF2C05C19300C13021 /* CiInstallationWindow.xib in Resources */,
				B7247BAB2C05C17300C13021 /* CiUpdateView.xib in Resources */,
				B7247BA92C05C15F00C13021 /* CiDisabledView.xib in Resources */,
				15D2CFBA18F20A8200B6D9F1 /* LICENSE in Resources */,
				B7247BB72C05C1D200C13021 /* CiBundleWindow.xib in Resources */,
			);
			runOnlyForDeploymentPostprocessing = 0;
		};
		D261C9BE1B852FA300409803 /* Resources */ = {
			isa = PBXResourcesBuildPhase;
			buildActionMask = 2147483647;
			files = (
				B7C9178129F80C8800A6E748 /* brewInfo_percona-server.txt in Resources */,
				B7C9178329F80C8800A6E748 /* brewInfo_ffmpeg.txt in Resources */,
				B7C9177F29F80C8800A6E748 /* brewInfo_mysql.txt in Resources */,
				B7C9178229F80C8800A6E748 /* brewInfo_acme.txt in Resources */,
				B7C9177D29F80C8800A6E748 /* brewInfo_sbtenv.txt in Resources */,
				B7C9177E29F80C8800A6E748 /* brewInfo_bison.txt in Resources */,
				B7C9178629F80C8800A6E748 /* brewInfo_fakeformula.txt in Resources */,
				B7C9178029F80C8800A6E748 /* brewinfo_nmap.txt in Resources */,
				B7C9178429F80C8800A6E748 /* brewInfo_bfg.txt in Resources */,
			);
			runOnlyForDeploymentPostprocessing = 0;
		};
/* End PBXResourcesBuildPhase section */

/* Begin PBXShellScriptBuildPhase section */
		1555FD5F25CF4E5800E5D344 /* Fix Sparkle Hardened Runtime */ = {
			isa = PBXShellScriptBuildPhase;
			alwaysOutOfDate = 1;
			buildActionMask = 2147483647;
			files = (
			);
			inputFileListPaths = (
			);
			inputPaths = (
			);
			name = "Fix Sparkle Hardened Runtime";
			outputFileListPaths = (
			);
			outputPaths = (
			);
			runOnlyForDeploymentPostprocessing = 0;
			shellPath = /bin/sh;
			shellScript = "codesign --verbose --force --deep -o runtime \\\n--sign \"${EXPANDED_CODE_SIGN_IDENTITY_NAME}\" \\\n\"${BUILT_PRODUCTS_DIR}/${WRAPPER_NAME}/Contents/Frameworks/Sparkle.framework/Versions/A/Resources/AutoUpdate.app\"\n";
		};
		6A35F7BC147C2F7885E312B2 /* [CP] Embed Pods Frameworks */ = {
			isa = PBXShellScriptBuildPhase;
			buildActionMask = 2147483647;
			files = (
			);
			inputFileListPaths = (
				"${PODS_ROOT}/Target Support Files/Pods-Cicerone/Pods-Cicerone-frameworks-${CONFIGURATION}-input-files.xcfilelist",
			);
			name = "[CP] Embed Pods Frameworks";
			outputFileListPaths = (
				"${PODS_ROOT}/Target Support Files/Pods-Cicerone/Pods-Cicerone-frameworks-${CONFIGURATION}-output-files.xcfilelist",
			);
			runOnlyForDeploymentPostprocessing = 0;
			shellPath = /bin/sh;
			shellScript = "\"${PODS_ROOT}/Target Support Files/Pods-Cicerone/Pods-Cicerone-frameworks.sh\"\n";
			showEnvVarsInLog = 0;
		};
		E3C1006B026AD11B7181A8FD /* [CP] Check Pods Manifest.lock */ = {
			isa = PBXShellScriptBuildPhase;
			buildActionMask = 2147483647;
			files = (
			);
			inputFileListPaths = (
			);
			inputPaths = (
				"${PODS_PODFILE_DIR_PATH}/Podfile.lock",
				"${PODS_ROOT}/Manifest.lock",
			);
			name = "[CP] Check Pods Manifest.lock";
			outputFileListPaths = (
			);
			outputPaths = (
				"$(DERIVED_FILE_DIR)/Pods-Cicerone-checkManifestLockResult.txt",
			);
			runOnlyForDeploymentPostprocessing = 0;
			shellPath = /bin/sh;
			shellScript = "diff \"${PODS_PODFILE_DIR_PATH}/Podfile.lock\" \"${PODS_ROOT}/Manifest.lock\" > /dev/null\nif [ $? != 0 ] ; then\n    # print error to STDERR\n    echo \"error: The sandbox is not in sync with the Podfile.lock. Run 'pod install' or update your CocoaPods installation.\" >&2\n    exit 1\nfi\n# This output is used by Xcode 'outputs' to avoid re-running this script phase.\necho \"SUCCESS\" > \"${SCRIPT_OUTPUT_FILE_0}\"\n";
			showEnvVarsInLog = 0;
		};
		FC4D02B629C501310D319241 /* [CP] Check Pods Manifest.lock */ = {
			isa = PBXShellScriptBuildPhase;
			buildActionMask = 2147483647;
			files = (
			);
			inputFileListPaths = (
			);
			inputPaths = (
				"${PODS_PODFILE_DIR_PATH}/Podfile.lock",
				"${PODS_ROOT}/Manifest.lock",
			);
			name = "[CP] Check Pods Manifest.lock";
			outputFileListPaths = (
			);
			outputPaths = (
				"$(DERIVED_FILE_DIR)/Pods-CiceroneTests-checkManifestLockResult.txt",
			);
			runOnlyForDeploymentPostprocessing = 0;
			shellPath = /bin/sh;
			shellScript = "diff \"${PODS_PODFILE_DIR_PATH}/Podfile.lock\" \"${PODS_ROOT}/Manifest.lock\" > /dev/null\nif [ $? != 0 ] ; then\n    # print error to STDERR\n    echo \"error: The sandbox is not in sync with the Podfile.lock. Run 'pod install' or update your CocoaPods installation.\" >&2\n    exit 1\nfi\n# This output is used by Xcode 'outputs' to avoid re-running this script phase.\necho \"SUCCESS\" > \"${SCRIPT_OUTPUT_FILE_0}\"\n";
			showEnvVarsInLog = 0;
		};
/* End PBXShellScriptBuildPhase section */

/* Begin PBXSourcesBuildPhase section */
		1FE4FE50148E4CDD008EDE8B /* Sources */ = {
			isa = PBXSourcesBuildPhase;
			buildActionMask = 2147483647;
			files = (
				15BBA18E1BD031C9002C0127 /* CiBackgroundView.m in Sources */,
				15D28A121AE1BD27005C8A3E /* BPTimedDispatch.m in Sources */,
				150AEC4D1B3F999A00163767 /* CiFormulaOptionsWindowController.m in Sources */,
				15A89D3925F2F467003D33F5 /* NSLayoutConstraint+Shims.m in Sources */,
				150AEC531B3F999A00163767 /* CiSelectedFormulaViewController.m in Sources */,
				B7247BBE2C08408B00C13021 /* CiSourceListTableCellView.m in Sources */,
				150AEC541B3F999A00163767 /* CiSideBarController.m in Sources */,
				1570BA5618EE50BD001C3C5C /* CiFormula.m in Sources */,
				B7247B6D2BD52CA800C13021 /* NSString+Summarization.m in Sources */,
				15CEFC631AB335B2005CF54A /* CiLoadingView.m in Sources */,
				15EC1B0725CED52C00C93861 /* CiWindow.m in Sources */,
				D2C4278B1B8E055B001C1F80 /* CiDisabledView.m in Sources */,
				B7C9178F29F80E8600A6E748 /* CiHomebrewManager.m in Sources */,
				B7C9178E29F80E8600A6E748 /* CiHomebrewInterface.m in Sources */,
				1FE4FE65148E4CDD008EDE8B /* main.m in Sources */,
				150AEC4E1B3F999A00163767 /* CiFormulaPopoverViewController.m in Sources */,
				D2C1B1021B821A2A00FFC2CA /* CiToolbar.m in Sources */,
				1FE4FE6C148E4CDD008EDE8B /* CiAppDelegate.m in Sources */,
				D2B3A3AA19B9CBEC00DE23B5 /* CiFormulaeTableView.m in Sources */,
				D23620E11B8B3094006D293D /* CiTask.m in Sources */,
				15C34CBF19512DE100B92E36 /* CiAutoScrollTextView.m in Sources */,
				D2B3A3B019B9D7FC00DE23B5 /* CiFormulaeDataSource.m in Sources */,
				D2F732F119190B75002B2512 /* NSURL+URLValidation.m in Sources */,
				D2A3A82D1B8C9F5200D05469 /* CiStyle.m in Sources */,
				15EC1B0C25CEE4C200C93861 /* CiMainWindowController.m in Sources */,
				150AEC511B3F999A00163767 /* CiInstallationWindowController.m in Sources */,
				15715F641C78053300AE0E66 /* CiBundleWindowController.m in Sources */,
				D2BBAB4B1B85EA7C00F21332 /* CiFormulaOption.m in Sources */,
				150AEC4C1B3F999A00163767 /* CiDoctorViewController.m in Sources */,
				150AEC551B3F999A00163767 /* CiUpdateViewController.m in Sources */,
				B7C9178929F80E7300A6E748 /* CiHomebrewViewController.m in Sources */,
			);
			runOnlyForDeploymentPostprocessing = 0;
		};
		D261C9BC1B852FA300409803 /* Sources */ = {
			isa = PBXSourcesBuildPhase;
			buildActionMask = 2147483647;
			files = (
				D2682D031B8535BD003DE3D8 /* CiAppDelegate.m in Sources */,
				D212A5881B853069003000ED /* CiFormulaTests.m in Sources */,
			);
			runOnlyForDeploymentPostprocessing = 0;
		};
/* End PBXSourcesBuildPhase section */

/* Begin XCBuildConfiguration section */
		1FE4FE70148E4CDD008EDE8B /* Debug */ = {
			isa = XCBuildConfiguration;
			buildSettings = {
				ALWAYS_SEARCH_USER_PATHS = NO;
				ARCHS = "$(NATIVE_ARCH)";
				CLANG_ANALYZER_LOCALIZABILITY_NONLOCALIZED = YES;
				CLANG_WARN_BLOCK_CAPTURE_AUTORELEASING = YES;
				CLANG_WARN_BOOL_CONVERSION = YES;
				CLANG_WARN_COMMA = YES;
				CLANG_WARN_CONSTANT_CONVERSION = YES;
				CLANG_WARN_DEPRECATED_OBJC_IMPLEMENTATIONS = YES;
				CLANG_WARN_EMPTY_BODY = YES;
				CLANG_WARN_ENUM_CONVERSION = YES;
				CLANG_WARN_INFINITE_RECURSION = YES;
				CLANG_WARN_INT_CONVERSION = YES;
				CLANG_WARN_NON_LITERAL_NULL_CONVERSION = YES;
				CLANG_WARN_OBJC_IMPLICIT_RETAIN_SELF = YES;
				CLANG_WARN_OBJC_LITERAL_CONVERSION = YES;
				CLANG_WARN_QUOTED_INCLUDE_IN_FRAMEWORK_HEADER = YES;
				CLANG_WARN_RANGE_LOOP_ANALYSIS = YES;
				CLANG_WARN_STRICT_PROTOTYPES = YES;
				CLANG_WARN_SUSPICIOUS_MOVE = YES;
				CLANG_WARN_UNREACHABLE_CODE = YES;
				CLANG_WARN__DUPLICATE_METHOD_MATCH = YES;
				COPY_PHASE_STRIP = NO;
				DEAD_CODE_STRIPPING = YES;
				ENABLE_HARDENED_RUNTIME = YES;
				ENABLE_STRICT_OBJC_MSGSEND = YES;
				ENABLE_TESTABILITY = YES;
				GCC_C_LANGUAGE_STANDARD = c11;
				GCC_DYNAMIC_NO_PIC = NO;
				GCC_ENABLE_OBJC_EXCEPTIONS = YES;
				GCC_NO_COMMON_BLOCKS = YES;
				GCC_OPTIMIZATION_LEVEL = 0;
				GCC_PREPROCESSOR_DEFINITIONS = (
					"DEBUG=1",
					"$(inherited)",
				);
				GCC_SYMBOLS_PRIVATE_EXTERN = NO;
				GCC_VERSION = com.apple.compilers.llvm.clang.1_0;
				GCC_WARN_64_TO_32_BIT_CONVERSION = YES;
				GCC_WARN_ABOUT_MISSING_PROTOTYPES = YES;
				GCC_WARN_ABOUT_RETURN_TYPE = YES;
				GCC_WARN_UNDECLARED_SELECTOR = YES;
				GCC_WARN_UNINITIALIZED_AUTOS = YES;
				GCC_WARN_UNUSED_FUNCTION = YES;
				GCC_WARN_UNUSED_VARIABLE = YES;
				MACOSX_DEPLOYMENT_TARGET = 13.3;
				ONLY_ACTIVE_ARCH = YES;
				SDKROOT = macosx;
			};
			name = Debug;
		};
		1FE4FE71148E4CDD008EDE8B /* Release */ = {
			isa = XCBuildConfiguration;
			buildSettings = {
				ALWAYS_SEARCH_USER_PATHS = NO;
				ARCHS = "$(NATIVE_ARCH)";
				CLANG_ANALYZER_LOCALIZABILITY_NONLOCALIZED = YES;
				CLANG_WARN_BLOCK_CAPTURE_AUTORELEASING = YES;
				CLANG_WARN_BOOL_CONVERSION = YES;
				CLANG_WARN_COMMA = YES;
				CLANG_WARN_CONSTANT_CONVERSION = YES;
				CLANG_WARN_DEPRECATED_OBJC_IMPLEMENTATIONS = YES;
				CLANG_WARN_EMPTY_BODY = YES;
				CLANG_WARN_ENUM_CONVERSION = YES;
				CLANG_WARN_INFINITE_RECURSION = YES;
				CLANG_WARN_INT_CONVERSION = YES;
				CLANG_WARN_NON_LITERAL_NULL_CONVERSION = YES;
				CLANG_WARN_OBJC_IMPLICIT_RETAIN_SELF = YES;
				CLANG_WARN_OBJC_LITERAL_CONVERSION = YES;
				CLANG_WARN_QUOTED_INCLUDE_IN_FRAMEWORK_HEADER = YES;
				CLANG_WARN_RANGE_LOOP_ANALYSIS = YES;
				CLANG_WARN_STRICT_PROTOTYPES = YES;
				CLANG_WARN_SUSPICIOUS_MOVE = YES;
				CLANG_WARN_UNREACHABLE_CODE = YES;
				CLANG_WARN__DUPLICATE_METHOD_MATCH = YES;
				COPY_PHASE_STRIP = YES;
				DEAD_CODE_STRIPPING = YES;
				DEBUG_INFORMATION_FORMAT = "dwarf-with-dsym";
				ENABLE_HARDENED_RUNTIME = YES;
				ENABLE_STRICT_OBJC_MSGSEND = YES;
				GCC_C_LANGUAGE_STANDARD = c11;
				GCC_ENABLE_OBJC_EXCEPTIONS = YES;
				GCC_NO_COMMON_BLOCKS = YES;
				GCC_VERSION = com.apple.compilers.llvm.clang.1_0;
				GCC_WARN_64_TO_32_BIT_CONVERSION = YES;
				GCC_WARN_ABOUT_MISSING_PROTOTYPES = YES;
				GCC_WARN_ABOUT_RETURN_TYPE = YES;
				GCC_WARN_UNDECLARED_SELECTOR = YES;
				GCC_WARN_UNINITIALIZED_AUTOS = YES;
				GCC_WARN_UNUSED_FUNCTION = YES;
				GCC_WARN_UNUSED_VARIABLE = YES;
				MACOSX_DEPLOYMENT_TARGET = 13.3;
				SDKROOT = macosx;
			};
			name = Release;
		};
		1FE4FE73148E4CDD008EDE8B /* Debug */ = {
			isa = XCBuildConfiguration;
			baseConfigurationReference = CC48D4580DADCBBA6EF403D2 /* Pods-Cicerone.debug.xcconfig */;
			buildSettings = {
				ASSETCATALOG_COMPILER_APPICON_NAME = "Interim Icon";
				CLANG_ENABLE_MODULES = YES;
				CLANG_ENABLE_OBJC_ARC = YES;
				CLANG_WARN_OBJC_EXPLICIT_OWNERSHIP_TYPE = YES;
				CODE_SIGN_ENTITLEMENTS = Cicerone/Cicerone.entitlements;
				CODE_SIGN_IDENTITY = "Mac Developer";
				"CODE_SIGN_IDENTITY[sdk=macosx*]" = "Apple Development";
				CODE_SIGN_STYLE = Automatic;
				COMBINE_HIDPI_IMAGES = YES;
				CURRENT_PROJECT_VERSION = 0;
				DEAD_CODE_STRIPPING = YES;
				DEVELOPMENT_TEAM = "";
				ENABLE_HARDENED_RUNTIME = YES;
				FRAMEWORK_SEARCH_PATHS = (
					"$(inherited)",
					"$(PROJECT_DIR)/Cicerone/Frameworks",
					"$(PROJECT_DIR)/Pods/Sparkle",
				);
				GCC_PRECOMPILE_PREFIX_HEADER = YES;
				GCC_PREFIX_HEADER = "Cicerone/Cicerone-Prefix.pch";
				GCC_PREPROCESSOR_DEFINITIONS = "$(inherited)";
				INFOPLIST_FILE = "Cicerone/Cicerone-Info.plist";
				INFOPLIST_KEY_LSApplicationCategoryType = "public.app-category.utilities";
				LD_RUNPATH_SEARCH_PATHS = (
					"$(inherited)",
					"@executable_path/../Frameworks",
				);
				MACOSX_DEPLOYMENT_TARGET = 14.4;
				MARKETING_VERSION = 0.2;
				ONLY_ACTIVE_ARCH = YES;
				PRODUCT_BUNDLE_IDENTIFIER = "oaVa-o.${PRODUCT_NAME:rfc1034identifier}";
				PRODUCT_NAME = Cicerone;
				PROVISIONING_PROFILE_SPECIFIER = "";
				USER_HEADER_SEARCH_PATHS = "$(PROJECT_DIR)/Cicerone/Frameworks/PXSourceList.framework/Headers";
				WRAPPER_EXTENSION = app;
			};
			name = Debug;
		};
		1FE4FE74148E4CDD008EDE8B /* Release */ = {
			isa = XCBuildConfiguration;
			baseConfigurationReference = 5A096FDAF6579F93FCF80355 /* Pods-Cicerone.release.xcconfig */;
			buildSettings = {
				ASSETCATALOG_COMPILER_APPICON_NAME = "Interim Icon";
				CLANG_ENABLE_MODULES = YES;
				CLANG_ENABLE_OBJC_ARC = YES;
				CLANG_WARN_OBJC_EXPLICIT_OWNERSHIP_TYPE = YES;
				CODE_SIGN_ENTITLEMENTS = Cicerone/Cicerone.entitlements;
				CODE_SIGN_IDENTITY = "Mac Developer";
				"CODE_SIGN_IDENTITY[sdk=macosx*]" = "Apple Development";
				CODE_SIGN_STYLE = Automatic;
				COMBINE_HIDPI_IMAGES = YES;
				CURRENT_PROJECT_VERSION = 0;
				DEAD_CODE_STRIPPING = YES;
				DEVELOPMENT_TEAM = "";
				ENABLE_HARDENED_RUNTIME = YES;
				FRAMEWORK_SEARCH_PATHS = (
					"$(inherited)",
					"$(PROJECT_DIR)/Cicerone/Frameworks",
					"$(PROJECT_DIR)/Pods/Sparkle",
				);
				GCC_PRECOMPILE_PREFIX_HEADER = YES;
				GCC_PREFIX_HEADER = "Cicerone/Cicerone-Prefix.pch";
				INFOPLIST_FILE = "Cicerone/Cicerone-Info.plist";
				INFOPLIST_KEY_LSApplicationCategoryType = "public.app-category.utilities";
				LD_RUNPATH_SEARCH_PATHS = (
					"$(inherited)",
					"@executable_path/../Frameworks",
				);
				MACOSX_DEPLOYMENT_TARGET = 14.4;
				MARKETING_VERSION = 0.2;
				ONLY_ACTIVE_ARCH = YES;
				PRODUCT_BUNDLE_IDENTIFIER = "oaVa-o.${PRODUCT_NAME:rfc1034identifier}";
				PRODUCT_NAME = Cicerone;
				PROVISIONING_PROFILE_SPECIFIER = "";
				USER_HEADER_SEARCH_PATHS = "$(PROJECT_DIR)/Cicerone/Frameworks/PXSourceList.framework/Headers";
				WRAPPER_EXTENSION = app;
			};
			name = Release;
		};
		D261C9C81B852FA300409803 /* Debug */ = {
			isa = XCBuildConfiguration;
			baseConfigurationReference = 1B21B61714EAF13EA84FF222 /* Pods-CiceroneTests.debug.xcconfig */;
			buildSettings = {
				CLANG_CXX_LANGUAGE_STANDARD = "c++20";
				CLANG_CXX_LIBRARY = "libc++";
				CLANG_ENABLE_MODULES = YES;
				CLANG_ENABLE_OBJC_ARC = YES;
				CLANG_WARN_DIRECT_OBJC_ISA_USAGE = YES_ERROR;
				CLANG_WARN_OBJC_ROOT_CLASS = YES_ERROR;
				COMBINE_HIDPI_IMAGES = YES;
				DEAD_CODE_STRIPPING = YES;
				DEBUG_INFORMATION_FORMAT = dwarf;
				FRAMEWORK_SEARCH_PATHS = (
					"$(DEVELOPER_FRAMEWORKS_DIR)",
					"$(inherited)",
				);
				GCC_PRECOMPILE_PREFIX_HEADER = NO;
				GCC_PREFIX_HEADER = "";
				GCC_PREPROCESSOR_DEFINITIONS = (
					"DEBUG=1",
					"$(inherited)",
				);
				GCC_WARN_ABOUT_RETURN_TYPE = YES_ERROR;
				GCC_WARN_UNINITIALIZED_AUTOS = YES_AGGRESSIVE;
				INFOPLIST_FILE = CiceroneTests/Info.plist;
				LD_RUNPATH_SEARCH_PATHS = (
					"$(inherited)",
					"@executable_path/../Frameworks",
					"@loader_path/../Frameworks",
				);
				MACOSX_DEPLOYMENT_TARGET = 14.4;
				MTL_ENABLE_DEBUG_INFO = YES;
				PRODUCT_BUNDLE_IDENTIFIER = "oaVa-o.${PRODUCT_NAME:rfc1034identifier}";
				PRODUCT_NAME = "$(TARGET_NAME)";
			};
			name = Debug;
		};
		D261C9C91B852FA300409803 /* Release */ = {
			isa = XCBuildConfiguration;
			baseConfigurationReference = ABCD0FD1BA4ECE02384478B4 /* Pods-CiceroneTests.release.xcconfig */;
			buildSettings = {
				CLANG_CXX_LANGUAGE_STANDARD = "c++20";
				CLANG_CXX_LIBRARY = "libc++";
				CLANG_ENABLE_MODULES = YES;
				CLANG_ENABLE_OBJC_ARC = YES;
				CLANG_WARN_DIRECT_OBJC_ISA_USAGE = YES_ERROR;
				CLANG_WARN_OBJC_ROOT_CLASS = YES_ERROR;
				COMBINE_HIDPI_IMAGES = YES;
				COPY_PHASE_STRIP = NO;
				DEAD_CODE_STRIPPING = YES;
				ENABLE_NS_ASSERTIONS = NO;
				FRAMEWORK_SEARCH_PATHS = (
					"$(DEVELOPER_FRAMEWORKS_DIR)",
					"$(inherited)",
				);
				GCC_PRECOMPILE_PREFIX_HEADER = NO;
				GCC_PREFIX_HEADER = "";
				GCC_WARN_ABOUT_RETURN_TYPE = YES_ERROR;
				GCC_WARN_UNINITIALIZED_AUTOS = YES_AGGRESSIVE;
				INFOPLIST_FILE = CiceroneTests/Info.plist;
				LD_RUNPATH_SEARCH_PATHS = (
					"$(inherited)",
					"@executable_path/../Frameworks",
					"@loader_path/../Frameworks",
				);
				MACOSX_DEPLOYMENT_TARGET = 14.4;
				MTL_ENABLE_DEBUG_INFO = NO;
				PRODUCT_BUNDLE_IDENTIFIER = "oaVa-o.${PRODUCT_NAME:rfc1034identifier}";
				PRODUCT_NAME = "$(TARGET_NAME)";
			};
			name = Release;
		};
/* End XCBuildConfiguration section */

/* Begin XCConfigurationList section */
		1FE4FE4E148E4CDD008EDE8B /* Build configuration list for PBXProject "Cicerone" */ = {
			isa = XCConfigurationList;
			buildConfigurations = (
				1FE4FE70148E4CDD008EDE8B /* Debug */,
				1FE4FE71148E4CDD008EDE8B /* Release */,
			);
			defaultConfigurationIsVisible = 0;
			defaultConfigurationName = Release;
		};
		1FE4FE72148E4CDD008EDE8B /* Build configuration list for PBXNativeTarget "Cicerone" */ = {
			isa = XCConfigurationList;
			buildConfigurations = (
				1FE4FE73148E4CDD008EDE8B /* Debug */,
				1FE4FE74148E4CDD008EDE8B /* Release */,
			);
			defaultConfigurationIsVisible = 0;
			defaultConfigurationName = Release;
		};
		D261C9CA1B852FA300409803 /* Build configuration list for PBXNativeTarget "CiceroneTests" */ = {
			isa = XCConfigurationList;
			buildConfigurations = (
				D261C9C81B852FA300409803 /* Debug */,
				D261C9C91B852FA300409803 /* Release */,
			);
			defaultConfigurationIsVisible = 0;
			defaultConfigurationName = Release;
		};
/* End XCConfigurationList section */
	};
	rootObject = 1FE4FE4B148E4CDD008EDE8B /* Project object */;
}
